<Solution>
  <Project Path="ClientAuthentication.Api/ClientAuthentication.Api.csproj" />
  <Project Path="ClientAuthentication/ClientAuthentication.csproj" />
  <Project Path="Ghtk.Api/Ghtk.Api.csproj" />
  <Project Path="Ghtk.Authorization/Ghtk.Authorization.csproj" />
  <Project Path="GhtkRepository.Abstration/GhtkRepository.Abstration.csproj" />
  <Project Path="GhtkRepository.MongoDB/GhtkRepository.MongoDb.csproj" />
</Solution>
